
Microsoft Visual Studio Solution File, Format Version 12.00
# Visual Studio Version 16
VisualStudioVersion = 16.0.29920.165
MinimumVisualStudioVersion = 10.0.40219.1
Project("{8BC9CEB8-8B4A-11D0-8D11-00A0C91BC942}") = "TEST", "TEST.vcxproj", "{054D28FA-1582-43D5-9C44-94015F4CBD4E}"
EndProject
Global
	GlobalSection(SolutionConfigurationPlatforms) = preSolution
		Debug|x64 = Debug|x64
		Debug|x86 = Debug|x86
		Release|x64 = Release|x64
		Release|x86 = Release|x86
	EndGlobalSection
	GlobalSection(ProjectConfigurationPlatforms) = postSolution
		{054D28FA-1582-43D5-9C44-94015F4CBD4E}.Debug|x64.ActiveCfg = Debug|x64
		{054D28FA-1582-43D5-9C44-94015F4CBD4E}.Debug|x64.Build.0 = Debug|x64
		{054D28FA-1582-43D5-9C44-94015F4CBD4E}.Debug|x86.ActiveCfg = Debug|Win32
		{054D28FA-1582-43D5-9C44-94015F4CBD4E}.Debug|x86.Build.0 = Debug|Win32
		{054D28FA-1582-43D5-9C44-94015F4CBD4E}.Release|x64.ActiveCfg = Release|x64
		{054D28FA-1582-43D5-9C44-94015F4CBD4E}.Release|x64.Build.0 = Release|x64
		{054D28FA-1582-43D5-9C44-94015F4CBD4E}.Release|x86.ActiveCfg = Release|Win32
		{054D28FA-1582-43D5-9C44-94015F4CBD4E}.Release|x86.Build.0 = Release|Win32
	EndGlobalSection
	GlobalSection(SolutionProperties) = preSolution
		HideSolutionNode = FALSE
	EndGlobalSection
	GlobalSection(ExtensibilityGlobals) = postSolution
		SolutionGuid = {1B43E22F-EFD5-4327-A070-7810FCB48540}
	EndGlobalSection
EndGlobal
